
Microsoft Visual Studio Solution File, Format Version 12.00
Project("{FAE04EC0-301F-11D3-BF4B-00C04F79EFBC}") = "ExoActive", "ExoActive\ExoActive.csproj", "{EAB56FC3-8338-4E42-BFEE-86EC288CA3D1}"
EndProject
Project("{FAE04EC0-301F-11D3-BF4B-00C04F79EFBC}") = "Tests", "Tests\Tests.csproj", "{FC40C6D5-4DCB-4C2A-ACA1-305C72776AB4}"
EndProject
Project("{FAE04EC0-301F-11D3-BF4B-00C04F79EFBC}") = "Example_GroupLift", "Example_GroupLift\Example_GroupLift.csproj", "{801BDAC3-94CF-4D85-80D1-3D3516426AD6}"
EndProject
Project("{FAE04EC0-301F-11D3-BF4B-00C04F79EFBC}") = "Example_Equip", "Example_Equip\Example_Equip.csproj", "{06B67AD4-88FC-4E13-8AEE-EB476D1DE934}"
EndProject
Global
	GlobalSection(SolutionConfigurationPlatforms) = preSolution
		Debug|Any CPU = Debug|Any CPU
		Release|Any CPU = Release|Any CPU
	EndGlobalSection
	GlobalSection(ProjectConfigurationPlatforms) = postSolution
		{EAB56FC3-8338-4E42-BFEE-86EC288CA3D1}.Debug|Any CPU.ActiveCfg = Debug|Any CPU
		{EAB56FC3-8338-4E42-BFEE-86EC288CA3D1}.Debug|Any CPU.Build.0 = Debug|Any CPU
		{EAB56FC3-8338-4E42-BFEE-86EC288CA3D1}.Release|Any CPU.ActiveCfg = Release|Any CPU
		{EAB56FC3-8338-4E42-BFEE-86EC288CA3D1}.Release|Any CPU.Build.0 = Release|Any CPU
		{FC40C6D5-4DCB-4C2A-ACA1-305C72776AB4}.Debug|Any CPU.ActiveCfg = Debug|Any CPU
		{FC40C6D5-4DCB-4C2A-ACA1-305C72776AB4}.Debug|Any CPU.Build.0 = Debug|Any CPU
		{FC40C6D5-4DCB-4C2A-ACA1-305C72776AB4}.Release|Any CPU.ActiveCfg = Release|Any CPU
		{FC40C6D5-4DCB-4C2A-ACA1-305C72776AB4}.Release|Any CPU.Build.0 = Release|Any CPU
		{801BDAC3-94CF-4D85-80D1-3D3516426AD6}.Debug|Any CPU.ActiveCfg = Debug|Any CPU
		{801BDAC3-94CF-4D85-80D1-3D3516426AD6}.Debug|Any CPU.Build.0 = Debug|Any CPU
		{801BDAC3-94CF-4D85-80D1-3D3516426AD6}.Release|Any CPU.ActiveCfg = Release|Any CPU
		{801BDAC3-94CF-4D85-80D1-3D3516426AD6}.Release|Any CPU.Build.0 = Release|Any CPU
		{06B67AD4-88FC-4E13-8AEE-EB476D1DE934}.Debug|Any CPU.ActiveCfg = Debug|Any CPU
		{06B67AD4-88FC-4E13-8AEE-EB476D1DE934}.Debug|Any CPU.Build.0 = Debug|Any CPU
		{06B67AD4-88FC-4E13-8AEE-EB476D1DE934}.Release|Any CPU.ActiveCfg = Release|Any CPU
		{06B67AD4-88FC-4E13-8AEE-EB476D1DE934}.Release|Any CPU.Build.0 = Release|Any CPU
	EndGlobalSection
EndGlobal
